
Microsoft Visual Studio Solution File, Format Version 12.00
# Visual Studio 15
VisualStudioVersion = 15.0.27428.2027
MinimumVisualStudioVersion = 10.0.40219.1
Project("{FAE04EC0-301F-11D3-BF4B-00C04F79EFBC}") = "WebApi", "WebApi\WebApi.csproj", "{9F456144-5298-4C21-AC66-7461670605F8}"
EndProject
Project("{2150E333-8FDC-42A3-9474-1A3956D46DE8}") = "Web", "Web", "{42BFDE66-0649-41A6-B76D-7DD241199DCE}"
EndProject
Project("{2150E333-8FDC-42A3-9474-1A3956D46DE8}") = "DAL", "DAL", "{A7F62095-4D9E-473A-B794-124B2EB29A5B}"
EndProject
Project("{2150E333-8FDC-42A3-9474-1A3956D46DE8}") = "BLL", "BLL", "{9A3AA5B7-217B-46C9-A115-3CFA408BA312}"
EndProject
Global
	GlobalSection(SolutionConfigurationPlatforms) = preSolution
		Debug|Any CPU = Debug|Any CPU
		Release|Any CPU = Release|Any CPU
	EndGlobalSection
	GlobalSection(ProjectConfigurationPlatforms) = postSolution
		{9F456144-5298-4C21-AC66-7461670605F8}.Debug|Any CPU.ActiveCfg = Debug|Any CPU
		{9F456144-5298-4C21-AC66-7461670605F8}.Debug|Any CPU.Build.0 = Debug|Any CPU
		{9F456144-5298-4C21-AC66-7461670605F8}.Release|Any CPU.ActiveCfg = Release|Any CPU
		{9F456144-5298-4C21-AC66-7461670605F8}.Release|Any CPU.Build.0 = Release|Any CPU
	EndGlobalSection
	GlobalSection(SolutionProperties) = preSolution
		HideSolutionNode = FALSE
	EndGlobalSection
	GlobalSection(NestedProjects) = preSolution
		{9F456144-5298-4C21-AC66-7461670605F8} = {42BFDE66-0649-41A6-B76D-7DD241199DCE}
	EndGlobalSection
	GlobalSection(ExtensibilityGlobals) = postSolution
		SolutionGuid = {CC9DD5D7-9113-4290-AE71-1234F352203A}
	EndGlobalSection
EndGlobal
